// !$*UTF8*$!
{
	archiveVersion = 1;
	classes = {
	};
	objectVersion = 46;
	objects = {

/* Begin PBXBuildFile section */
		47344A02184CF305002ED615 /* Amigo.png in Resources */ = {isa = PBXBuildFile; fileRef = 473449FD184CF305002ED615 /* Amigo.png */; };
		47344A03184CF305002ED615 /* BlackKnight.png in Resources */ = {isa = PBXBuildFile; fileRef = 473449FE184CF305002ED615 /* BlackKnight.png */; };
		47344A04184CF305002ED615 /* Xruser.png in Resources */ = {isa = PBXBuildFile; fileRef = 473449FF184CF305002ED615 /* Xruser.png */; };
		47344A05184CF305002ED615 /* Xstar.png in Resources */ = {isa = PBXBuildFile; fileRef = 47344A00184CF305002ED615 /* Xstar.png */; };
		47344A06184CF305002ED615 /* Xtroyer.png in Resources */ = {isa = PBXBuildFile; fileRef = 47344A01184CF305002ED615 /* Xtroyer.png */; };
		478AC7EC184C1A22003E6959 /* star_1_large.png in Resources */ = {isa = PBXBuildFile; fileRef = 478AC7EA184C1A22003E6959 /* star_1_large.png */; };
		478AC7ED184C1A22003E6959 /* star_2_small.png in Resources */ = {isa = PBXBuildFile; fileRef = 478AC7EB184C1A22003E6959 /* star_2_small.png */; };
		D915A64918455A6A0084CE6D /* Foundation.framework in Frameworks */ = {isa = PBXBuildFile; fileRef = D915A64818455A6A0084CE6D /* Foundation.framework */; };
		D915A64B18455A6A0084CE6D /* CoreGraphics.framework in Frameworks */ = {isa = PBXBuildFile; fileRef = D915A64A18455A6A0084CE6D /* CoreGraphics.framework */; };
		D915A64D18455A6A0084CE6D /* UIKit.framework in Frameworks */ = {isa = PBXBuildFile; fileRef = D915A64C18455A6A0084CE6D /* UIKit.framework */; };
		D915A64F18455A6A0084CE6D /* SpriteKit.framework in Frameworks */ = {isa = PBXBuildFile; fileRef = D915A64E18455A6A0084CE6D /* SpriteKit.framework */; };
		D915A65518455A6A0084CE6D /* InfoPlist.strings in Resources */ = {isa = PBXBuildFile; fileRef = D915A65318455A6A0084CE6D /* InfoPlist.strings */; };
		D915A65718455A6A0084CE6D /* main.m in Sources */ = {isa = PBXBuildFile; fileRef = D915A65618455A6A0084CE6D /* main.m */; };
		D915A65B18455A6A0084CE6D /* AppDelegate.m in Sources */ = {isa = PBXBuildFile; fileRef = D915A65A18455A6A0084CE6D /* AppDelegate.m */; };
		D915A65E18455A6A0084CE6D /* Main.storyboard in Resources */ = {isa = PBXBuildFile; fileRef = D915A65C18455A6A0084CE6D /* Main.storyboard */; };
		D915A66118455A6A0084CE6D /* GameViewController.m in Sources */ = {isa = PBXBuildFile; fileRef = D915A66018455A6A0084CE6D /* GameViewController.m */; };
		D915A66418455A6A0084CE6D /* MyScene.m in Sources */ = {isa = PBXBuildFile; fileRef = D915A66318455A6A0084CE6D /* MyScene.m */; };
		D915A66618455A6A0084CE6D /* Spaceship.png in Resources */ = {isa = PBXBuildFile; fileRef = D915A66518455A6A0084CE6D /* Spaceship.png */; };
		D915A66818455A6A0084CE6D /* Images.xcassets in Resources */ = {isa = PBXBuildFile; fileRef = D915A66718455A6A0084CE6D /* Images.xcassets */; };
		D915A66F18455A6A0084CE6D /* XCTest.framework in Frameworks */ = {isa = PBXBuildFile; fileRef = D915A66E18455A6A0084CE6D /* XCTest.framework */; };
		D915A67018455A6A0084CE6D /* Foundation.framework in Frameworks */ = {isa = PBXBuildFile; fileRef = D915A64818455A6A0084CE6D /* Foundation.framework */; };
		D915A67118455A6A0084CE6D /* UIKit.framework in Frameworks */ = {isa = PBXBuildFile; fileRef = D915A64C18455A6A0084CE6D /* UIKit.framework */; };
		D915A67918455A6A0084CE6D /* InfoPlist.strings in Resources */ = {isa = PBXBuildFile; fileRef = D915A67718455A6A0084CE6D /* InfoPlist.strings */; };
		D915A67B18455A6A0084CE6D /* SpaceInvadersTests.m in Sources */ = {isa = PBXBuildFile; fileRef = D915A67A18455A6A0084CE6D /* SpaceInvadersTests.m */; };
		D915A68718455D740084CE6D /* goldcoin.jpg in Resources */ = {isa = PBXBuildFile; fileRef = D915A68518455D740084CE6D /* goldcoin.jpg */; };
		D915A68818455D740084CE6D /* silvercoin.jpg in Resources */ = {isa = PBXBuildFile; fileRef = D915A68618455D740084CE6D /* silvercoin.jpg */; };
		D91AE7971845F13F00A280E6 /* GameObject.m in Sources */ = {isa = PBXBuildFile; fileRef = D91AE7961845F13F00A280E6 /* GameObject.m */; };
		D91AE79A1845F30100A280E6 /* SpaceShip.m in Sources */ = {isa = PBXBuildFile; fileRef = D91AE7991845F30100A280E6 /* SpaceShip.m */; };
		D91AE79D1845FC9300A280E6 /* Upgrade.m in Sources */ = {isa = PBXBuildFile; fileRef = D91AE79C1845FC9300A280E6 /* Upgrade.m */; };
		D91AE7A018460E2800A280E6 /* SpaceShipBullet.m in Sources */ = {isa = PBXBuildFile; fileRef = D91AE79F18460E2800A280E6 /* SpaceShipBullet.m */; };
		D91AE7A318461BDC00A280E6 /* EnemyShip.m in Sources */ = {isa = PBXBuildFile; fileRef = D91AE7A218461BDC00A280E6 /* EnemyShip.m */; };
		D91AE7A618461E5200A280E6 /* EnemyFactory.m in Sources */ = {isa = PBXBuildFile; fileRef = D91AE7A518461E5200A280E6 /* EnemyFactory.m */; };
		D91AE7AB1846687E00A280E6 /* XRuser.m in Sources */ = {isa = PBXBuildFile; fileRef = D91AE7AA1846687E00A280E6 /* XRuser.m */; };
		D91AE7AE1846689C00A280E6 /* XTroyer.m in Sources */ = {isa = PBXBuildFile; fileRef = D91AE7AD1846689C00A280E6 /* XTroyer.m */; };
		D91AE7B11846690800A280E6 /* XStar.m in Sources */ = {isa = PBXBuildFile; fileRef = D91AE7B01846690800A280E6 /* XStar.m */; };
		D98C1F80184AD14B00B25DD6 /* debrisPurple_1.png in Resources */ = {isa = PBXBuildFile; fileRef = D98C1F7D184AD14B00B25DD6 /* debrisPurple_1.png */; };
		D98C1F81184AD14B00B25DD6 /* debrisPurple_2.png in Resources */ = {isa = PBXBuildFile; fileRef = D98C1F7E184AD14B00B25DD6 /* debrisPurple_2.png */; };
		D98C1F82184AD14B00B25DD6 /* debrisRed_2.png in Resources */ = {isa = PBXBuildFile; fileRef = D98C1F7F184AD14B00B25DD6 /* debrisRed_2.png */; };
		D98C1F85184AD1B000B25DD6 /* XRuserDebris.m in Sources */ = {isa = PBXBuildFile; fileRef = D98C1F84184AD1B000B25DD6 /* XRuserDebris.m */; };
		D98C1F87184AD2C200B25DD6 /* SmokeParticles.sks in Resources */ = {isa = PBXBuildFile; fileRef = D98C1F86184AD2C200B25DD6 /* SmokeParticles.sks */; };
		D98C1F89184AD73400B25DD6 /* bg.jpg in Resources */ = {isa = PBXBuildFile; fileRef = D98C1F88184AD73400B25DD6 /* bg.jpg */; };
		D98C1F8C184ADC0200B25DD6 /* planetStripe_1.png in Resources */ = {isa = PBXBuildFile; fileRef = D98C1F8A184ADC0200B25DD6 /* planetStripe_1.png */; };
		D98C1F8D184ADC0200B25DD6 /* planetStripe_2.png in Resources */ = {isa = PBXBuildFile; fileRef = D98C1F8B184ADC0200B25DD6 /* planetStripe_2.png */; };
		D9AC0716184F463D00FFDA49 /* RandomGenerator.m in Sources */ = {isa = PBXBuildFile; fileRef = D9AC0715184F463D00FFDA49 /* RandomGenerator.m */; };
		D9AC0719184F5F8300FFDA49 /* define.m in Sources */ = {isa = PBXBuildFile; fileRef = D9AC0718184F5F8300FFDA49 /* define.m */; };
		D9CCC2521848E8780066C056 /* FireParticles.sks in Resources */ = {isa = PBXBuildFile; fileRef = D9CCC24F1848E8780066C056 /* FireParticles.sks */; };
		D9CCC2531848E8780066C056 /* flame.jpg in Resources */ = {isa = PBXBuildFile; fileRef = D9CCC2501848E8780066C056 /* flame.jpg */; };
		D9CCC2541848E8780066C056 /* spark.png in Resources */ = {isa = PBXBuildFile; fileRef = D9CCC2511848E8780066C056 /* spark.png */; };
		D9CCC259184975B90066C056 /* shipBlue.png in Resources */ = {isa = PBXBuildFile; fileRef = D9CCC256184975B90066C056 /* shipBlue.png */; };
		D9CCC25A184975B90066C056 /* shipPurple.png in Resources */ = {isa = PBXBuildFile; fileRef = D9CCC257184975B90066C056 /* shipPurple.png */; };
		D9CCC25B184975B90066C056 /* shipRed.png in Resources */ = {isa = PBXBuildFile; fileRef = D9CCC258184975B90066C056 /* shipRed.png */; };
		D9CCC25D184977860066C056 /* FuelBurningParticles.sks in Resources */ = {isa = PBXBuildFile; fileRef = D9CCC25C184977860066C056 /* FuelBurningParticles.sks */; };
		D9CCC2651849814C0066C056 /* BulletParticle.sks in Resources */ = {isa = PBXBuildFile; fileRef = D9CCC2641849814C0066C056 /* BulletParticle.sks */; };
		D9CCC26B184988040066C056 /* SnowParticles.sks in Resources */ = {isa = PBXBuildFile; fileRef = D9CCC26A184988040066C056 /* SnowParticles.sks */; };
		D9CCC26E18498B370066C056 /* BokehParticles.sks in Resources */ = {isa = PBXBuildFile; fileRef = D9CCC26C18498B370066C056 /* BokehParticles.sks */; };
		D9CCC26F18498B370066C056 /* bokeh.png in Resources */ = {isa = PBXBuildFile; fileRef = D9CCC26D18498B370066C056 /* bokeh.png */; };
		D9E3CFBB184E9B0D0055BE71 /* EnemyShipBullet.m in Sources */ = {isa = PBXBuildFile; fileRef = D9E3CFBA184E9B0D0055BE71 /* EnemyShipBullet.m */; };
		D9E90134184A7FFA0035376B /* EnemyShipDebris.m in Sources */ = {isa = PBXBuildFile; fileRef = D9E90133184A7FFA0035376B /* EnemyShipDebris.m */; };
		D9E90136184A969D0035376B /* debrisRed_1.png in Resources */ = {isa = PBXBuildFile; fileRef = D9E90135184A969D0035376B /* debrisRed_1.png */; };
		D9E90139184ACC970035376B /* XTroyerDebris.m in Sources */ = {isa = PBXBuildFile; fileRef = D9E90138184ACC970035376B /* XTroyerDebris.m */; };
/* End PBXBuildFile section */

/* Begin PBXContainerItemProxy section */
		D915A67218455A6A0084CE6D /* PBXContainerItemProxy */ = {
			isa = PBXContainerItemProxy;
			containerPortal = D915A63D18455A6A0084CE6D /* Project object */;
			proxyType = 1;
			remoteGlobalIDString = D915A64418455A6A0084CE6D;
			remoteInfo = SpaceInvaders;
		};
/* End PBXContainerItemProxy section */

/* Begin PBXFileReference section */
		473449FD184CF305002ED615 /* Amigo.png */ = {isa = PBXFileReference; lastKnownFileType = image.png; path = Amigo.png; sourceTree = "<group>"; };
		473449FE184CF305002ED615 /* BlackKnight.png */ = {isa = PBXFileReference; lastKnownFileType = image.png; path = BlackKnight.png; sourceTree = "<group>"; };
		473449FF184CF305002ED615 /* Xruser.png */ = {isa = PBXFileReference; lastKnownFileType = image.png; path = Xruser.png; sourceTree = "<group>"; };
		47344A00184CF305002ED615 /* Xstar.png */ = {isa = PBXFileReference; lastKnownFileType = image.png; path = Xstar.png; sourceTree = "<group>"; };
		47344A01184CF305002ED615 /* Xtroyer.png */ = {isa = PBXFileReference; lastKnownFileType = image.png; path = Xtroyer.png; sourceTree = "<group>"; };
		478AC7EA184C1A22003E6959 /* star_1_large.png */ = {isa = PBXFileReference; lastKnownFileType = image.png; path = star_1_large.png; sourceTree = "<group>"; };
		478AC7EB184C1A22003E6959 /* star_2_small.png */ = {isa = PBXFileReference; lastKnownFileType = image.png; path = star_2_small.png; sourceTree = "<group>"; };
		D915A64518455A6A0084CE6D /* SpaceInvaders.app */ = {isa = PBXFileReference; explicitFileType = wrapper.application; includeInIndex = 0; path = SpaceInvaders.app; sourceTree = BUILT_PRODUCTS_DIR; };
		D915A64818455A6A0084CE6D /* Foundation.framework */ = {isa = PBXFileReference; lastKnownFileType = wrapper.framework; name = Foundation.framework; path = System/Library/Frameworks/Foundation.framework; sourceTree = SDKROOT; };
		D915A64A18455A6A0084CE6D /* CoreGraphics.framework */ = {isa = PBXFileReference; lastKnownFileType = wrapper.framework; name = CoreGraphics.framework; path = System/Library/Frameworks/CoreGraphics.framework; sourceTree = SDKROOT; };
		D915A64C18455A6A0084CE6D /* UIKit.framework */ = {isa = PBXFileReference; lastKnownFileType = wrapper.framework; name = UIKit.framework; path = System/Library/Frameworks/UIKit.framework; sourceTree = SDKROOT; };
		D915A64E18455A6A0084CE6D /* SpriteKit.framework */ = {isa = PBXFileReference; lastKnownFileType = wrapper.framework; name = SpriteKit.framework; path = System/Library/Frameworks/SpriteKit.framework; sourceTree = SDKROOT; };
		D915A65218455A6A0084CE6D /* SpaceInvaders-Info.plist */ = {isa = PBXFileReference; lastKnownFileType = text.plist.xml; path = "SpaceInvaders-Info.plist"; sourceTree = "<group>"; };
		D915A65418455A6A0084CE6D /* en */ = {isa = PBXFileReference; lastKnownFileType = text.plist.strings; name = en; path = en.lproj/InfoPlist.strings; sourceTree = "<group>"; };
		D915A65618455A6A0084CE6D /* main.m */ = {isa = PBXFileReference; lastKnownFileType = sourcecode.c.objc; path = main.m; sourceTree = "<group>"; };
		D915A65818455A6A0084CE6D /* SpaceInvaders-Prefix.pch */ = {isa = PBXFileReference; lastKnownFileType = sourcecode.c.h; path = "SpaceInvaders-Prefix.pch"; sourceTree = "<group>"; };
		D915A65918455A6A0084CE6D /* AppDelegate.h */ = {isa = PBXFileReference; lastKnownFileType = sourcecode.c.h; path = AppDelegate.h; sourceTree = "<group>"; };
		D915A65A18455A6A0084CE6D /* AppDelegate.m */ = {isa = PBXFileReference; lastKnownFileType = sourcecode.c.objc; path = AppDelegate.m; sourceTree = "<group>"; };
		D915A65D18455A6A0084CE6D /* Base */ = {isa = PBXFileReference; lastKnownFileType = file.storyboard; name = Base; path = Base.lproj/Main.storyboard; sourceTree = "<group>"; };
		D915A65F18455A6A0084CE6D /* GameViewController.h */ = {isa = PBXFileReference; lastKnownFileType = sourcecode.c.h; path = GameViewController.h; sourceTree = "<group>"; };
		D915A66018455A6A0084CE6D /* GameViewController.m */ = {isa = PBXFileReference; lastKnownFileType = sourcecode.c.objc; path = GameViewController.m; sourceTree = "<group>"; };
		D915A66218455A6A0084CE6D /* MyScene.h */ = {isa = PBXFileReference; lastKnownFileType = sourcecode.c.h; path = MyScene.h; sourceTree = "<group>"; };
		D915A66318455A6A0084CE6D /* MyScene.m */ = {isa = PBXFileReference; lastKnownFileType = sourcecode.c.objc; path = MyScene.m; sourceTree = "<group>"; };
		D915A66518455A6A0084CE6D /* Spaceship.png */ = {isa = PBXFileReference; lastKnownFileType = image.png; name = Spaceship.png; path = ../Spaceship.png; sourceTree = "<group>"; };
		D915A66718455A6A0084CE6D /* Images.xcassets */ = {isa = PBXFileReference; lastKnownFileType = folder.assetcatalog; path = Images.xcassets; sourceTree = "<group>"; };
		D915A66D18455A6A0084CE6D /* SpaceInvadersTests.xctest */ = {isa = PBXFileReference; explicitFileType = wrapper.cfbundle; includeInIndex = 0; path = SpaceInvadersTests.xctest; sourceTree = BUILT_PRODUCTS_DIR; };
		D915A66E18455A6A0084CE6D /* XCTest.framework */ = {isa = PBXFileReference; lastKnownFileType = wrapper.framework; name = XCTest.framework; path = Library/Frameworks/XCTest.framework; sourceTree = DEVELOPER_DIR; };
		D915A67618455A6A0084CE6D /* SpaceInvadersTests-Info.plist */ = {isa = PBXFileReference; lastKnownFileType = text.plist.xml; path = "SpaceInvadersTests-Info.plist"; sourceTree = "<group>"; };
		D915A67818455A6A0084CE6D /* en */ = {isa = PBXFileReference; lastKnownFileType = text.plist.strings; name = en; path = en.lproj/InfoPlist.strings; sourceTree = "<group>"; };
		D915A67A18455A6A0084CE6D /* SpaceInvadersTests.m */ = {isa = PBXFileReference; lastKnownFileType = sourcecode.c.objc; path = SpaceInvadersTests.m; sourceTree = "<group>"; };
		D915A68518455D740084CE6D /* goldcoin.jpg */ = {isa = PBXFileReference; lastKnownFileType = image.jpeg; path = goldcoin.jpg; sourceTree = "<group>"; };
		D915A68618455D740084CE6D /* silvercoin.jpg */ = {isa = PBXFileReference; lastKnownFileType = image.jpeg; path = silvercoin.jpg; sourceTree = "<group>"; };
		D91AE7951845F13F00A280E6 /* GameObject.h */ = {isa = PBXFileReference; fileEncoding = 4; lastKnownFileType = sourcecode.c.h; path = GameObject.h; sourceTree = "<group>"; };
		D91AE7961845F13F00A280E6 /* GameObject.m */ = {isa = PBXFileReference; fileEncoding = 4; lastKnownFileType = sourcecode.c.objc; path = GameObject.m; sourceTree = "<group>"; };
		D91AE7981845F30100A280E6 /* SpaceShip.h */ = {isa = PBXFileReference; fileEncoding = 4; lastKnownFileType = sourcecode.c.h; path = SpaceShip.h; sourceTree = "<group>"; };
		D91AE7991845F30100A280E6 /* SpaceShip.m */ = {isa = PBXFileReference; fileEncoding = 4; lastKnownFileType = sourcecode.c.objc; path = SpaceShip.m; sourceTree = "<group>"; };
		D91AE79B1845FC9300A280E6 /* Upgrade.h */ = {isa = PBXFileReference; fileEncoding = 4; lastKnownFileType = sourcecode.c.h; name = Upgrade.h; path = ../Upgrade.h; sourceTree = "<group>"; };
		D91AE79C1845FC9300A280E6 /* Upgrade.m */ = {isa = PBXFileReference; fileEncoding = 4; lastKnownFileType = sourcecode.c.objc; name = Upgrade.m; path = ../Upgrade.m; sourceTree = "<group>"; };
		D91AE79E18460E2800A280E6 /* SpaceShipBullet.h */ = {isa = PBXFileReference; fileEncoding = 4; lastKnownFileType = sourcecode.c.h; path = SpaceShipBullet.h; sourceTree = "<group>"; };
		D91AE79F18460E2800A280E6 /* SpaceShipBullet.m */ = {isa = PBXFileReference; fileEncoding = 4; lastKnownFileType = sourcecode.c.objc; path = SpaceShipBullet.m; sourceTree = "<group>"; };
		D91AE7A118461BDC00A280E6 /* EnemyShip.h */ = {isa = PBXFileReference; fileEncoding = 4; lastKnownFileType = sourcecode.c.h; path = EnemyShip.h; sourceTree = "<group>"; };
		D91AE7A218461BDC00A280E6 /* EnemyShip.m */ = {isa = PBXFileReference; fileEncoding = 4; lastKnownFileType = sourcecode.c.objc; path = EnemyShip.m; sourceTree = "<group>"; };
		D91AE7A418461E5200A280E6 /* EnemyFactory.h */ = {isa = PBXFileReference; fileEncoding = 4; lastKnownFileType = sourcecode.c.h; path = EnemyFactory.h; sourceTree = "<group>"; };
		D91AE7A518461E5200A280E6 /* EnemyFactory.m */ = {isa = PBXFileReference; fileEncoding = 4; lastKnownFileType = sourcecode.c.objc; path = EnemyFactory.m; sourceTree = "<group>"; };
		D91AE7A91846687E00A280E6 /* XRuser.h */ = {isa = PBXFileReference; fileEncoding = 4; lastKnownFileType = sourcecode.c.h; path = XRuser.h; sourceTree = "<group>"; };
		D91AE7AA1846687E00A280E6 /* XRuser.m */ = {isa = PBXFileReference; fileEncoding = 4; lastKnownFileType = sourcecode.c.objc; path = XRuser.m; sourceTree = "<group>"; };
		D91AE7AC1846689C00A280E6 /* XTroyer.h */ = {isa = PBXFileReference; fileEncoding = 4; lastKnownFileType = sourcecode.c.h; path = XTroyer.h; sourceTree = "<group>"; };
		D91AE7AD1846689C00A280E6 /* XTroyer.m */ = {isa = PBXFileReference; fileEncoding = 4; lastKnownFileType = sourcecode.c.objc; path = XTroyer.m; sourceTree = "<group>"; };
		D91AE7AF1846690800A280E6 /* XStar.h */ = {isa = PBXFileReference; fileEncoding = 4; lastKnownFileType = sourcecode.c.h; path = XStar.h; sourceTree = "<group>"; };
		D91AE7B01846690800A280E6 /* XStar.m */ = {isa = PBXFileReference; fileEncoding = 4; lastKnownFileType = sourcecode.c.objc; path = XStar.m; sourceTree = "<group>"; };
		D98C1F7D184AD14B00B25DD6 /* debrisPurple_1.png */ = {isa = PBXFileReference; lastKnownFileType = image.png; path = debrisPurple_1.png; sourceTree = "<group>"; };
		D98C1F7E184AD14B00B25DD6 /* debrisPurple_2.png */ = {isa = PBXFileReference; lastKnownFileType = image.png; path = debrisPurple_2.png; sourceTree = "<group>"; };
		D98C1F7F184AD14B00B25DD6 /* debrisRed_2.png */ = {isa = PBXFileReference; lastKnownFileType = image.png; path = debrisRed_2.png; sourceTree = "<group>"; };
		D98C1F83184AD1B000B25DD6 /* XRuserDebris.h */ = {isa = PBXFileReference; fileEncoding = 4; lastKnownFileType = sourcecode.c.h; path = XRuserDebris.h; sourceTree = "<group>"; };
		D98C1F84184AD1B000B25DD6 /* XRuserDebris.m */ = {isa = PBXFileReference; fileEncoding = 4; lastKnownFileType = sourcecode.c.objc; path = XRuserDebris.m; sourceTree = "<group>"; };
		D98C1F86184AD2C200B25DD6 /* SmokeParticles.sks */ = {isa = PBXFileReference; lastKnownFileType = file.sks; path = SmokeParticles.sks; sourceTree = "<group>"; };
		D98C1F88184AD73400B25DD6 /* bg.jpg */ = {isa = PBXFileReference; lastKnownFileType = image.jpeg; path = bg.jpg; sourceTree = "<group>"; };
		D98C1F8A184ADC0200B25DD6 /* planetStripe_1.png */ = {isa = PBXFileReference; lastKnownFileType = image.png; path = planetStripe_1.png; sourceTree = "<group>"; };
		D98C1F8B184ADC0200B25DD6 /* planetStripe_2.png */ = {isa = PBXFileReference; lastKnownFileType = image.png; path = planetStripe_2.png; sourceTree = "<group>"; };
		D9AC0714184F463D00FFDA49 /* RandomGenerator.h */ = {isa = PBXFileReference; fileEncoding = 4; lastKnownFileType = sourcecode.c.h; path = RandomGenerator.h; sourceTree = "<group>"; };
		D9AC0715184F463D00FFDA49 /* RandomGenerator.m */ = {isa = PBXFileReference; fileEncoding = 4; lastKnownFileType = sourcecode.c.objc; path = RandomGenerator.m; sourceTree = "<group>"; };
		D9AC0717184F5F8300FFDA49 /* define.h */ = {isa = PBXFileReference; fileEncoding = 4; lastKnownFileType = sourcecode.c.h; path = define.h; sourceTree = "<group>"; };
		D9AC0718184F5F8300FFDA49 /* define.m */ = {isa = PBXFileReference; fileEncoding = 4; lastKnownFileType = sourcecode.c.objc; path = define.m; sourceTree = "<group>"; };
		D9CCC24F1848E8780066C056 /* FireParticles.sks */ = {isa = PBXFileReference; lastKnownFileType = file.sks; path = FireParticles.sks; sourceTree = "<group>"; };
		D9CCC2501848E8780066C056 /* flame.jpg */ = {isa = PBXFileReference; lastKnownFileType = image.jpeg; path = flame.jpg; sourceTree = "<group>"; };
		D9CCC2511848E8780066C056 /* spark.png */ = {isa = PBXFileReference; lastKnownFileType = image.png; path = spark.png; sourceTree = "<group>"; };
		D9CCC256184975B90066C056 /* shipBlue.png */ = {isa = PBXFileReference; lastKnownFileType = image.png; path = shipBlue.png; sourceTree = "<group>"; };
		D9CCC257184975B90066C056 /* shipPurple.png */ = {isa = PBXFileReference; lastKnownFileType = image.png; path = shipPurple.png; sourceTree = "<group>"; };
		D9CCC258184975B90066C056 /* shipRed.png */ = {isa = PBXFileReference; lastKnownFileType = image.png; path = shipRed.png; sourceTree = "<group>"; };
		D9CCC25C184977860066C056 /* FuelBurningParticles.sks */ = {isa = PBXFileReference; lastKnownFileType = file.sks; path = FuelBurningParticles.sks; sourceTree = "<group>"; };
		D9CCC2641849814C0066C056 /* BulletParticle.sks */ = {isa = PBXFileReference; lastKnownFileType = file.sks; path = BulletParticle.sks; sourceTree = "<group>"; };
		D9CCC26A184988040066C056 /* SnowParticles.sks */ = {isa = PBXFileReference; lastKnownFileType = file.sks; path = SnowParticles.sks; sourceTree = "<group>"; };
		D9CCC26C18498B370066C056 /* BokehParticles.sks */ = {isa = PBXFileReference; lastKnownFileType = file.sks; path = BokehParticles.sks; sourceTree = "<group>"; };
		D9CCC26D18498B370066C056 /* bokeh.png */ = {isa = PBXFileReference; lastKnownFileType = image.png; path = bokeh.png; sourceTree = "<group>"; };
		D9E3CFB9184E9B0D0055BE71 /* EnemyShipBullet.h */ = {isa = PBXFileReference; fileEncoding = 4; lastKnownFileType = sourcecode.c.h; path = EnemyShipBullet.h; sourceTree = "<group>"; };
		D9E3CFBA184E9B0D0055BE71 /* EnemyShipBullet.m */ = {isa = PBXFileReference; fileEncoding = 4; lastKnownFileType = sourcecode.c.objc; path = EnemyShipBullet.m; sourceTree = "<group>"; };
		D9E90132184A7FFA0035376B /* EnemyShipDebris.h */ = {isa = PBXFileReference; fileEncoding = 4; lastKnownFileType = sourcecode.c.h; path = EnemyShipDebris.h; sourceTree = "<group>"; };
		D9E90133184A7FFA0035376B /* EnemyShipDebris.m */ = {isa = PBXFileReference; fileEncoding = 4; lastKnownFileType = sourcecode.c.objc; path = EnemyShipDebris.m; sourceTree = "<group>"; };
		D9E90135184A969D0035376B /* debrisRed_1.png */ = {isa = PBXFileReference; lastKnownFileType = image.png; path = debrisRed_1.png; sourceTree = "<group>"; };
		D9E90137184ACC970035376B /* XTroyerDebris.h */ = {isa = PBXFileReference; fileEncoding = 4; lastKnownFileType = sourcecode.c.h; path = XTroyerDebris.h; sourceTree = "<group>"; };
		D9E90138184ACC970035376B /* XTroyerDebris.m */ = {isa = PBXFileReference; fileEncoding = 4; lastKnownFileType = sourcecode.c.objc; path = XTroyerDebris.m; sourceTree = "<group>"; };
/* End PBXFileReference section */

/* Begin PBXFrameworksBuildPhase section */
		D915A64218455A6A0084CE6D /* Frameworks */ = {
			isa = PBXFrameworksBuildPhase;
			buildActionMask = 2147483647;
			files = (
				D915A64B18455A6A0084CE6D /* CoreGraphics.framework in Frameworks */,
				D915A64D18455A6A0084CE6D /* UIKit.framework in Frameworks */,
				D915A64F18455A6A0084CE6D /* SpriteKit.framework in Frameworks */,
				D915A64918455A6A0084CE6D /* Foundation.framework in Frameworks */,
			);
			runOnlyForDeploymentPostprocessing = 0;
		};
		D915A66A18455A6A0084CE6D /* Frameworks */ = {
			isa = PBXFrameworksBuildPhase;
			buildActionMask = 2147483647;
			files = (
				D915A66F18455A6A0084CE6D /* XCTest.framework in Frameworks */,
				D915A67118455A6A0084CE6D /* UIKit.framework in Frameworks */,
				D915A67018455A6A0084CE6D /* Foundation.framework in Frameworks */,
			);
			runOnlyForDeploymentPostprocessing = 0;
		};
/* End PBXFrameworksBuildPhase section */

/* Begin PBXGroup section */
		D915A63C18455A6A0084CE6D = {
			isa = PBXGroup;
			children = (
				D915A65018455A6A0084CE6D /* SpaceInvaders */,
				D915A67418455A6A0084CE6D /* SpaceInvadersTests */,
				D915A64718455A6A0084CE6D /* Frameworks */,
				D915A64618455A6A0084CE6D /* Products */,
			);
			sourceTree = "<group>";
		};
		D915A64618455A6A0084CE6D /* Products */ = {
			isa = PBXGroup;
			children = (
				D915A64518455A6A0084CE6D /* SpaceInvaders.app */,
				D915A66D18455A6A0084CE6D /* SpaceInvadersTests.xctest */,
			);
			name = Products;
			sourceTree = "<group>";
		};
		D915A64718455A6A0084CE6D /* Frameworks */ = {
			isa = PBXGroup;
			children = (
				D915A64818455A6A0084CE6D /* Foundation.framework */,
				D915A64A18455A6A0084CE6D /* CoreGraphics.framework */,
				D915A64C18455A6A0084CE6D /* UIKit.framework */,
				D915A64E18455A6A0084CE6D /* SpriteKit.framework */,
				D915A66E18455A6A0084CE6D /* XCTest.framework */,
			);
			name = Frameworks;
			sourceTree = "<group>";
		};
		D915A65018455A6A0084CE6D /* SpaceInvaders */ = {
			isa = PBXGroup;
			children = (
				D91AE7A71846248200A280E6 /* HelperClasses */,
				D915A68F184562130084CE6D /* GameObjects */,
				D915A68418455D740084CE6D /* images */,
				D915A65918455A6A0084CE6D /* AppDelegate.h */,
				D915A65A18455A6A0084CE6D /* AppDelegate.m */,
				D915A65C18455A6A0084CE6D /* Main.storyboard */,
				D915A65F18455A6A0084CE6D /* GameViewController.h */,
				D915A66018455A6A0084CE6D /* GameViewController.m */,
				D915A66218455A6A0084CE6D /* MyScene.h */,
				D915A66318455A6A0084CE6D /* MyScene.m */,
				D915A66718455A6A0084CE6D /* Images.xcassets */,
				D915A65118455A6A0084CE6D /* Supporting Files */,
			);
			path = SpaceInvaders;
			sourceTree = "<group>";
		};
		D915A65118455A6A0084CE6D /* Supporting Files */ = {
			isa = PBXGroup;
			children = (
				D915A65218455A6A0084CE6D /* SpaceInvaders-Info.plist */,
				D915A65318455A6A0084CE6D /* InfoPlist.strings */,
				D915A65618455A6A0084CE6D /* main.m */,
				D915A65818455A6A0084CE6D /* SpaceInvaders-Prefix.pch */,
			);
			name = "Supporting Files";
			sourceTree = "<group>";
		};
		D915A67418455A6A0084CE6D /* SpaceInvadersTests */ = {
			isa = PBXGroup;
			children = (
				D915A67A18455A6A0084CE6D /* SpaceInvadersTests.m */,
				D915A67518455A6A0084CE6D /* Supporting Files */,
			);
			path = SpaceInvadersTests;
			sourceTree = "<group>";
		};
		D915A67518455A6A0084CE6D /* Supporting Files */ = {
			isa = PBXGroup;
			children = (
				D915A67618455A6A0084CE6D /* SpaceInvadersTests-Info.plist */,
				D915A67718455A6A0084CE6D /* InfoPlist.strings */,
			);
			name = "Supporting Files";
			sourceTree = "<group>";
		};
		D915A68418455D740084CE6D /* images */ = {
			isa = PBXGroup;
			children = (
				D98E2624184BB0EB00EA296E /* Background images */,
				D98E2623184BB0D000EA296E /* unused images */,
				D9CCC255184975B90066C056 /* Ships */,
				D9CCC24E1848E8780066C056 /* Particles */,
			);
			path = images;
			sourceTree = "<group>";
		};
		D915A68F184562130084CE6D /* GameObjects */ = {
			isa = PBXGroup;
			children = (
				D9E3CFB6184E99F40055BE71 /* SpaceShip */,
				D91AE7A8184630AD00A280E6 /* EnemyShips */,
				D91AE7951845F13F00A280E6 /* GameObject.h */,
				D91AE7961845F13F00A280E6 /* GameObject.m */,
			);
			name = GameObjects;
			sourceTree = "<group>";
		};
		D91AE7A71846248200A280E6 /* HelperClasses */ = {
			isa = PBXGroup;
			children = (
				D91AE7A418461E5200A280E6 /* EnemyFactory.h */,
				D91AE7A518461E5200A280E6 /* EnemyFactory.m */,
				D91AE79B1845FC9300A280E6 /* Upgrade.h */,
				D91AE79C1845FC9300A280E6 /* Upgrade.m */,
				D9AC0714184F463D00FFDA49 /* RandomGenerator.h */,
				D9AC0715184F463D00FFDA49 /* RandomGenerator.m */,
				D9AC0717184F5F8300FFDA49 /* define.h */,
				D9AC0718184F5F8300FFDA49 /* define.m */,
			);
			name = HelperClasses;
			sourceTree = "<group>";
		};
		D91AE7A8184630AD00A280E6 /* EnemyShips */ = {
			isa = PBXGroup;
			children = (
				D9E3CFB8184E9A6E0055BE71 /* EnemyShips */,
				D9E3CFB7184E9A4A0055BE71 /* EnemyShipDebris */,
				D91AE7A118461BDC00A280E6 /* EnemyShip.h */,
				D91AE7A218461BDC00A280E6 /* EnemyShip.m */,
				D9E3CFB9184E9B0D0055BE71 /* EnemyShipBullet.h */,
				D9E3CFBA184E9B0D0055BE71 /* EnemyShipBullet.m */,
			);
			name = EnemyShips;
			sourceTree = "<group>";
		};
		D98E2623184BB0D000EA296E /* unused images */ = {
			isa = PBXGroup;
			children = (
				D915A66518455A6A0084CE6D /* Spaceship.png */,
				473449FD184CF305002ED615 /* Amigo.png */,
				473449FE184CF305002ED615 /* BlackKnight.png */,
				473449FF184CF305002ED615 /* Xruser.png */,
				47344A00184CF305002ED615 /* Xstar.png */,
				47344A01184CF305002ED615 /* Xtroyer.png */,
				D915A68518455D740084CE6D /* goldcoin.jpg */,
				D915A68618455D740084CE6D /* silvercoin.jpg */,
			);
			name = "unused images";
			sourceTree = "<group>";
		};
		D98E2624184BB0EB00EA296E /* Background images */ = {
			isa = PBXGroup;
			children = (
				478AC7EB184C1A22003E6959 /* star_2_small.png */,
				478AC7EA184C1A22003E6959 /* star_1_large.png */,
				D98C1F8A184ADC0200B25DD6 /* planetStripe_1.png */,
				D98C1F8B184ADC0200B25DD6 /* planetStripe_2.png */,
				D98C1F88184AD73400B25DD6 /* bg.jpg */,
			);
			name = "Background images";
			sourceTree = "<group>";
		};
		D9CCC24E1848E8780066C056 /* Particles */ = {
			isa = PBXGroup;
			children = (
				D9CCC24F1848E8780066C056 /* FireParticles.sks */,
				D9CCC2501848E8780066C056 /* flame.jpg */,
				D9CCC2511848E8780066C056 /* spark.png */,
				D9CCC25C184977860066C056 /* FuelBurningParticles.sks */,
				D9CCC2641849814C0066C056 /* BulletParticle.sks */,
				D9CCC26A184988040066C056 /* SnowParticles.sks */,
				D9CCC26C18498B370066C056 /* BokehParticles.sks */,
				D9CCC26D18498B370066C056 /* bokeh.png */,
				D98C1F86184AD2C200B25DD6 /* SmokeParticles.sks */,
			);
			path = Particles;
			sourceTree = "<group>";
		};
		D9CCC255184975B90066C056 /* Ships */ = {
			isa = PBXGroup;
			children = (
				D98C1F7D184AD14B00B25DD6 /* debrisPurple_1.png */,
				D98C1F7E184AD14B00B25DD6 /* debrisPurple_2.png */,
				D98C1F7F184AD14B00B25DD6 /* debrisRed_2.png */,
				D9E90135184A969D0035376B /* debrisRed_1.png */,
				D9CCC256184975B90066C056 /* shipBlue.png */,
				D9CCC257184975B90066C056 /* shipPurple.png */,
				D9CCC258184975B90066C056 /* shipRed.png */,
			);
			path = Ships;
			sourceTree = "<group>";
		};
		D9E3CFB6184E99F40055BE71 /* SpaceShip */ = {
			isa = PBXGroup;
			children = (
				D91AE7981845F30100A280E6 /* SpaceShip.h */,
				D91AE7991845F30100A280E6 /* SpaceShip.m */,
				D91AE79E18460E2800A280E6 /* SpaceShipBullet.h */,
				D91AE79F18460E2800A280E6 /* SpaceShipBullet.m */,
			);
			name = SpaceShip;
			sourceTree = "<group>";
		};
		D9E3CFB7184E9A4A0055BE71 /* EnemyShipDebris */ = {
			isa = PBXGroup;
			children = (
				D9E90132184A7FFA0035376B /* EnemyShipDebris.h */,
				D9E90133184A7FFA0035376B /* EnemyShipDebris.m */,
				D9E90137184ACC970035376B /* XTroyerDebris.h */,
				D9E90138184ACC970035376B /* XTroyerDebris.m */,
				D98C1F83184AD1B000B25DD6 /* XRuserDebris.h */,
				D98C1F84184AD1B000B25DD6 /* XRuserDebris.m */,
			);
			name = EnemyShipDebris;
			sourceTree = "<group>";
		};
		D9E3CFB8184E9A6E0055BE71 /* EnemyShips */ = {
			isa = PBXGroup;
			children = (
				D91AE7A91846687E00A280E6 /* XRuser.h */,
				D91AE7AA1846687E00A280E6 /* XRuser.m */,
				D91AE7AC1846689C00A280E6 /* XTroyer.h */,
				D91AE7AD1846689C00A280E6 /* XTroyer.m */,
				D91AE7AF1846690800A280E6 /* XStar.h */,
				D91AE7B01846690800A280E6 /* XStar.m */,
			);
			name = EnemyShips;
			sourceTree = "<group>";
		};
/* End PBXGroup section */

/* Begin PBXNativeTarget section */
		D915A64418455A6A0084CE6D /* SpaceInvaders */ = {
			isa = PBXNativeTarget;
			buildConfigurationList = D915A67E18455A6A0084CE6D /* Build configuration list for PBXNativeTarget "SpaceInvaders" */;
			buildPhases = (
				D915A64118455A6A0084CE6D /* Sources */,
				D915A64218455A6A0084CE6D /* Frameworks */,
				D915A64318455A6A0084CE6D /* Resources */,
			);
			buildRules = (
			);
			dependencies = (
			);
			name = SpaceInvaders;
			productName = SpaceInvaders;
			productReference = D915A64518455A6A0084CE6D /* SpaceInvaders.app */;
			productType = "com.apple.product-type.application";
		};
		D915A66C18455A6A0084CE6D /* SpaceInvadersTests */ = {
			isa = PBXNativeTarget;
			buildConfigurationList = D915A68118455A6A0084CE6D /* Build configuration list for PBXNativeTarget "SpaceInvadersTests" */;
			buildPhases = (
				D915A66918455A6A0084CE6D /* Sources */,
				D915A66A18455A6A0084CE6D /* Frameworks */,
				D915A66B18455A6A0084CE6D /* Resources */,
			);
			buildRules = (
			);
			dependencies = (
				D915A67318455A6A0084CE6D /* PBXTargetDependency */,
			);
			name = SpaceInvadersTests;
			productName = SpaceInvadersTests;
			productReference = D915A66D18455A6A0084CE6D /* SpaceInvadersTests.xctest */;
			productType = "com.apple.product-type.bundle.unit-test";
		};
/* End PBXNativeTarget section */

/* Begin PBXProject section */
		D915A63D18455A6A0084CE6D /* Project object */ = {
			isa = PBXProject;
			attributes = {
				LastUpgradeCheck = 0500;
				ORGANIZATIONNAME = M;
				TargetAttributes = {
					D915A64418455A6A0084CE6D = {
						DevelopmentTeam = W88773838E;
					};
					D915A66C18455A6A0084CE6D = {
						TestTargetID = D915A64418455A6A0084CE6D;
					};
				};
			};
			buildConfigurationList = D915A64018455A6A0084CE6D /* Build configuration list for PBXProject "SpaceInvaders" */;
			compatibilityVersion = "Xcode 3.2";
			developmentRegion = English;
			hasScannedForEncodings = 0;
			knownRegions = (
				en,
				Base,
			);
			mainGroup = D915A63C18455A6A0084CE6D;
			productRefGroup = D915A64618455A6A0084CE6D /* Products */;
			projectDirPath = "";
			projectRoot = "";
			targets = (
				D915A64418455A6A0084CE6D /* SpaceInvaders */,
				D915A66C18455A6A0084CE6D /* SpaceInvadersTests */,
			);
		};
/* End PBXProject section */

/* Begin PBXResourcesBuildPhase section */
		D915A64318455A6A0084CE6D /* Resources */ = {
			isa = PBXResourcesBuildPhase;
			buildActionMask = 2147483647;
			files = (
				D9CCC26B184988040066C056 /* SnowParticles.sks in Resources */,
				47344A05184CF305002ED615 /* Xstar.png in Resources */,
				D98C1F89184AD73400B25DD6 /* bg.jpg in Resources */,
				D9CCC2521848E8780066C056 /* FireParticles.sks in Resources */,
				478AC7ED184C1A22003E6959 /* star_2_small.png in Resources */,
				D915A68718455D740084CE6D /* goldcoin.jpg in Resources */,
				D98C1F8D184ADC0200B25DD6 /* planetStripe_2.png in Resources */,
				D98C1F80184AD14B00B25DD6 /* debrisPurple_1.png in Resources */,
				D9CCC25D184977860066C056 /* FuelBurningParticles.sks in Resources */,
				47344A04184CF305002ED615 /* Xruser.png in Resources */,
				D9CCC2541848E8780066C056 /* spark.png in Resources */,
				D9CCC25A184975B90066C056 /* shipPurple.png in Resources */,
				D9CCC26E18498B370066C056 /* BokehParticles.sks in Resources */,
				D98C1F87184AD2C200B25DD6 /* SmokeParticles.sks in Resources */,
				D915A65518455A6A0084CE6D /* InfoPlist.strings in Resources */,
				D9CCC26F18498B370066C056 /* bokeh.png in Resources */,
				D915A66818455A6A0084CE6D /* Images.xcassets in Resources */,
				D915A68818455D740084CE6D /* silvercoin.jpg in Resources */,
				D915A66618455A6A0084CE6D /* Spaceship.png in Resources */,
				47344A02184CF305002ED615 /* Amigo.png in Resources */,
				D9CCC2531848E8780066C056 /* flame.jpg in Resources */,
				D9E90136184A969D0035376B /* debrisRed_1.png in Resources */,
				D9CCC2651849814C0066C056 /* BulletParticle.sks in Resources */,
				478AC7EC184C1A22003E6959 /* star_1_large.png in Resources */,
				D98C1F82184AD14B00B25DD6 /* debrisRed_2.png in Resources */,
				D9CCC259184975B90066C056 /* shipBlue.png in Resources */,
				D9CCC25B184975B90066C056 /* shipRed.png in Resources */,
				47344A06184CF305002ED615 /* Xtroyer.png in Resources */,
				D98C1F8C184ADC0200B25DD6 /* planetStripe_1.png in Resources */,
				D915A65E18455A6A0084CE6D /* Main.storyboard in Resources */,
				47344A03184CF305002ED615 /* BlackKnight.png in Resources */,
				D98C1F81184AD14B00B25DD6 /* debrisPurple_2.png in Resources */,
			);
			runOnlyForDeploymentPostprocessing = 0;
		};
		D915A66B18455A6A0084CE6D /* Resources */ = {
			isa = PBXResourcesBuildPhase;
			buildActionMask = 2147483647;
			files = (
				D915A67918455A6A0084CE6D /* InfoPlist.strings in Resources */,
			);
			runOnlyForDeploymentPostprocessing = 0;
		};
/* End PBXResourcesBuildPhase section */

/* Begin PBXSourcesBuildPhase section */
		D915A64118455A6A0084CE6D /* Sources */ = {
			isa = PBXSourcesBuildPhase;
			buildActionMask = 2147483647;
			files = (
				D9AC0716184F463D00FFDA49 /* RandomGenerator.m in Sources */,
				D91AE7971845F13F00A280E6 /* GameObject.m in Sources */,
				D915A66418455A6A0084CE6D /* MyScene.m in Sources */,
				D9E3CFBB184E9B0D0055BE71 /* EnemyShipBullet.m in Sources */,
				D9AC0719184F5F8300FFDA49 /* define.m in Sources */,
				D91AE7A318461BDC00A280E6 /* EnemyShip.m in Sources */,
				D91AE79A1845F30100A280E6 /* SpaceShip.m in Sources */,
				D915A66118455A6A0084CE6D /* GameViewController.m in Sources */,
				D91AE7A618461E5200A280E6 /* EnemyFactory.m in Sources */,
				D9E90134184A7FFA0035376B /* EnemyShipDebris.m in Sources */,
				D91AE7B11846690800A280E6 /* XStar.m in Sources */,
				D91AE7AB1846687E00A280E6 /* XRuser.m in Sources */,
				D91AE7A018460E2800A280E6 /* SpaceShipBullet.m in Sources */,
				D915A65B18455A6A0084CE6D /* AppDelegate.m in Sources */,
				D98C1F85184AD1B000B25DD6 /* XRuserDebris.m in Sources */,
				D9E90139184ACC970035376B /* XTroyerDebris.m in Sources */,
				D91AE7AE1846689C00A280E6 /* XTroyer.m in Sources */,
				D915A65718455A6A0084CE6D /* main.m in Sources */,
				D91AE79D1845FC9300A280E6 /* Upgrade.m in Sources */,
			);
			runOnlyForDeploymentPostprocessing = 0;
		};
		D915A66918455A6A0084CE6D /* Sources */ = {
			isa = PBXSourcesBuildPhase;
			buildActionMask = 2147483647;
			files = (
				D915A67B18455A6A0084CE6D /* SpaceInvadersTests.m in Sources */,
			);
			runOnlyForDeploymentPostprocessing = 0;
		};
/* End PBXSourcesBuildPhase section */

/* Begin PBXTargetDependency section */
		D915A67318455A6A0084CE6D /* PBXTargetDependency */ = {
			isa = PBXTargetDependency;
			target = D915A64418455A6A0084CE6D /* SpaceInvaders */;
			targetProxy = D915A67218455A6A0084CE6D /* PBXContainerItemProxy */;
		};
/* End PBXTargetDependency section */

/* Begin PBXVariantGroup section */
		D915A65318455A6A0084CE6D /* InfoPlist.strings */ = {
			isa = PBXVariantGroup;
			children = (
				D915A65418455A6A0084CE6D /* en */,
			);
			name = InfoPlist.strings;
			sourceTree = "<group>";
		};
		D915A65C18455A6A0084CE6D /* Main.storyboard */ = {
			isa = PBXVariantGroup;
			children = (
				D915A65D18455A6A0084CE6D /* Base */,
			);
			name = Main.storyboard;
			sourceTree = "<group>";
		};
		D915A67718455A6A0084CE6D /* InfoPlist.strings */ = {
			isa = PBXVariantGroup;
			children = (
				D915A67818455A6A0084CE6D /* en */,
			);
			name = InfoPlist.strings;
			sourceTree = "<group>";
		};
/* End PBXVariantGroup section */

/* Begin XCBuildConfiguration section */
		D915A67C18455A6A0084CE6D /* Debug */ = {
			isa = XCBuildConfiguration;
			buildSettings = {
				ALWAYS_SEARCH_USER_PATHS = NO;
				ARCHS = "$(ARCHS_STANDARD_INCLUDING_64_BIT)";
				CLANG_CXX_LANGUAGE_STANDARD = "gnu++0x";
				CLANG_CXX_LIBRARY = "libc++";
				CLANG_ENABLE_MODULES = YES;
				CLANG_ENABLE_OBJC_ARC = YES;
				CLANG_WARN_BOOL_CONVERSION = YES;
				CLANG_WARN_CONSTANT_CONVERSION = YES;
				CLANG_WARN_DIRECT_OBJC_ISA_USAGE = YES_ERROR;
				CLANG_WARN_EMPTY_BODY = YES;
				CLANG_WARN_ENUM_CONVERSION = YES;
				CLANG_WARN_INT_CONVERSION = YES;
				CLANG_WARN_OBJC_ROOT_CLASS = YES_ERROR;
				CLANG_WARN__DUPLICATE_METHOD_MATCH = YES;
				"CODE_SIGN_IDENTITY[sdk=iphoneos*]" = "iPhone Developer";
				COPY_PHASE_STRIP = NO;
				GCC_C_LANGUAGE_STANDARD = gnu99;
				GCC_DYNAMIC_NO_PIC = NO;
				GCC_OPTIMIZATION_LEVEL = 0;
				GCC_PREPROCESSOR_DEFINITIONS = (
					"DEBUG=1",
					"$(inherited)",
				);
				GCC_SYMBOLS_PRIVATE_EXTERN = NO;
				GCC_WARN_64_TO_32_BIT_CONVERSION = YES;
				GCC_WARN_ABOUT_RETURN_TYPE = YES_ERROR;
				GCC_WARN_UNDECLARED_SELECTOR = YES;
				GCC_WARN_UNINITIALIZED_AUTOS = YES;
				GCC_WARN_UNUSED_FUNCTION = YES;
				GCC_WARN_UNUSED_VARIABLE = YES;
				IPHONEOS_DEPLOYMENT_TARGET = 7.0;
				ONLY_ACTIVE_ARCH = YES;
				SDKROOT = iphoneos;
			};
			name = Debug;
		};
		D915A67D18455A6A0084CE6D /* Release */ = {
			isa = XCBuildConfiguration;
			buildSettings = {
				ALWAYS_SEARCH_USER_PATHS = NO;
				ARCHS = "$(ARCHS_STANDARD_INCLUDING_64_BIT)";
				CLANG_CXX_LANGUAGE_STANDARD = "gnu++0x";
				CLANG_CXX_LIBRARY = "libc++";
				CLANG_ENABLE_MODULES = YES;
				CLANG_ENABLE_OBJC_ARC = YES;
				CLANG_WARN_BOOL_CONVERSION = YES;
				CLANG_WARN_CONSTANT_CONVERSION = YES;
				CLANG_WARN_DIRECT_OBJC_ISA_USAGE = YES_ERROR;
				CLANG_WARN_EMPTY_BODY = YES;
				CLANG_WARN_ENUM_CONVERSION = YES;
				CLANG_WARN_INT_CONVERSION = YES;
				CLANG_WARN_OBJC_ROOT_CLASS = YES_ERROR;
				CLANG_WARN__DUPLICATE_METHOD_MATCH = YES;
				"CODE_SIGN_IDENTITY[sdk=iphoneos*]" = "iPhone Developer";
				COPY_PHASE_STRIP = YES;
				ENABLE_NS_ASSERTIONS = NO;
				GCC_C_LANGUAGE_STANDARD = gnu99;
				GCC_WARN_64_TO_32_BIT_CONVERSION = YES;
				GCC_WARN_ABOUT_RETURN_TYPE = YES_ERROR;
				GCC_WARN_UNDECLARED_SELECTOR = YES;
				GCC_WARN_UNINITIALIZED_AUTOS = YES;
				GCC_WARN_UNUSED_FUNCTION = YES;
				GCC_WARN_UNUSED_VARIABLE = YES;
				IPHONEOS_DEPLOYMENT_TARGET = 7.0;
				SDKROOT = iphoneos;
				VALIDATE_PRODUCT = YES;
			};
			name = Release;
		};
		D915A67F18455A6A0084CE6D /* Debug */ = {
			isa = XCBuildConfiguration;
			buildSettings = {
				ASSETCATALOG_COMPILER_APPICON_NAME = AppIcon;
				ASSETCATALOG_COMPILER_LAUNCHIMAGE_NAME = LaunchImage;
				CODE_SIGN_IDENTITY = "iPhone Developer";
				"CODE_SIGN_IDENTITY[sdk=iphoneos*]" = "iPhone Developer";
				GCC_PRECOMPILE_PREFIX_HEADER = YES;
				GCC_PREFIX_HEADER = "SpaceInvaders/SpaceInvaders-Prefix.pch";
				INFOPLIST_FILE = "SpaceInvaders/SpaceInvaders-Info.plist";
				PRODUCT_NAME = "$(TARGET_NAME)";
				PROVISIONING_PROFILE = "";
				SPRITEKIT_TEXTURE_ATLAS_OUTPUT = YES;
				WRAPPER_EXTENSION = app;
			};
			name = Debug;
		};
		D915A68018455A6A0084CE6D /* Release */ = {
			isa = XCBuildConfiguration;
			buildSettings = {
				ASSETCATALOG_COMPILER_APPICON_NAME = AppIcon;
				ASSETCATALOG_COMPILER_LAUNCHIMAGE_NAME = LaunchImage;
				CODE_SIGN_IDENTITY = "iPhone Developer";
				"CODE_SIGN_IDENTITY[sdk=iphoneos*]" = "iPhone Developer";
				GCC_PRECOMPILE_PREFIX_HEADER = YES;
				GCC_PREFIX_HEADER = "SpaceInvaders/SpaceInvaders-Prefix.pch";
				INFOPLIST_FILE = "SpaceInvaders/SpaceInvaders-Info.plist";
				PRODUCT_NAME = "$(TARGET_NAME)";
				PROVISIONING_PROFILE = "";
				SPRITEKIT_TEXTURE_ATLAS_OUTPUT = YES;
				WRAPPER_EXTENSION = app;
			};
			name = Release;
		};
		D915A68218455A6A0084CE6D /* Debug */ = {
			isa = XCBuildConfiguration;
			buildSettings = {
				ARCHS = "$(ARCHS_STANDARD_INCLUDING_64_BIT)";
				BUNDLE_LOADER = "$(BUILT_PRODUCTS_DIR)/SpaceInvaders.app/SpaceInvaders";
				FRAMEWORK_SEARCH_PATHS = (
					"$(SDKROOT)/Developer/Library/Frameworks",
					"$(inherited)",
					"$(DEVELOPER_FRAMEWORKS_DIR)",
				);
				GCC_PRECOMPILE_PREFIX_HEADER = YES;
				GCC_PREFIX_HEADER = "SpaceInvaders/SpaceInvaders-Prefix.pch";
				GCC_PREPROCESSOR_DEFINITIONS = (
					"DEBUG=1",
					"$(inherited)",
				);
				INFOPLIST_FILE = "SpaceInvadersTests/SpaceInvadersTests-Info.plist";
				PRODUCT_NAME = "$(TARGET_NAME)";
				TEST_HOST = "$(BUNDLE_LOADER)";
				WRAPPER_EXTENSION = xctest;
			};
			name = Debug;
		};
		D915A68318455A6A0084CE6D /* Release */ = {
			isa = XCBuildConfiguration;
			buildSettings = {
				ARCHS = "$(ARCHS_STANDARD_INCLUDING_64_BIT)";
				BUNDLE_LOADER = "$(BUILT_PRODUCTS_DIR)/SpaceInvaders.app/SpaceInvaders";
				FRAMEWORK_SEARCH_PATHS = (
					"$(SDKROOT)/Developer/Library/Frameworks",
					"$(inherited)",
					"$(DEVELOPER_FRAMEWORKS_DIR)",
				);
				GCC_PRECOMPILE_PREFIX_HEADER = YES;
				GCC_PREFIX_HEADER = "SpaceInvaders/SpaceInvaders-Prefix.pch";
				INFOPLIST_FILE = "SpaceInvadersTests/SpaceInvadersTests-Info.plist";
				PRODUCT_NAME = "$(TARGET_NAME)";
				TEST_HOST = "$(BUNDLE_LOADER)";
				WRAPPER_EXTENSION = xctest;
			};
			name = Release;
		};
/* End XCBuildConfiguration section */

/* Begin XCConfigurationList section */
		D915A64018455A6A0084CE6D /* Build configuration list for PBXProject "SpaceInvaders" */ = {
			isa = XCConfigurationList;
			buildConfigurations = (
				D915A67C18455A6A0084CE6D /* Debug */,
				D915A67D18455A6A0084CE6D /* Release */,
			);
			defaultConfigurationIsVisible = 0;
			defaultConfigurationName = Release;
		};
		D915A67E18455A6A0084CE6D /* Build configuration list for PBXNativeTarget "SpaceInvaders" */ = {
			isa = XCConfigurationList;
			buildConfigurations = (
				D915A67F18455A6A0084CE6D /* Debug */,
				D915A68018455A6A0084CE6D /* Release */,
			);
			defaultConfigurationIsVisible = 0;
			defaultConfigurationName = Release;
		};
		D915A68118455A6A0084CE6D /* Build configuration list for PBXNativeTarget "SpaceInvadersTests" */ = {
			isa = XCConfigurationList;
			buildConfigurations = (
				D915A68218455A6A0084CE6D /* Debug */,
				D915A68318455A6A0084CE6D /* Release */,
			);
			defaultConfigurationIsVisible = 0;
			defaultConfigurationName = Release;
		};
/* End XCConfigurationList section */
	};
	rootObject = D915A63D18455A6A0084CE6D /* Project object */;
}
